
Microsoft Visual Studio Solution File, Format Version 12.00
# Visual Studio Version 16
VisualStudioVersion = 16.6.30114.105
MinimumVisualStudioVersion = 10.0.40219.1
Project("{9A19103F-16F7-4668-BE54-9A1E7A4F7556}") = "API", "API\API.csproj", "{11DC7F17-1E8F-4721-8DBC-2A622816ED42}"
EndProject
Project("{9A19103F-16F7-4668-BE54-9A1E7A4F7556}") = "Application", "Application\Application.csproj", "{311E7A4B-8C27-460C-B9F3-CCF17EE3CD69}"
EndProject
Project("{9A19103F-16F7-4668-BE54-9A1E7A4F7556}") = "Persistence", "Persistence\Persistence.csproj", "{50D6EF5E-D7CF-41A5-BA48-720E6294711B}"
EndProject
Project("{9A19103F-16F7-4668-BE54-9A1E7A4F7556}") = "Domain", "Domain\Domain.csproj", "{BA47B87E-CDDB-4B89-BB5E-3951F70DF87C}"
EndProject
Project("{FAE04EC0-301F-11D3-BF4B-00C04F79EFBC}") = "ClientMVC", "ClientMVC\ClientMVC.csproj", "{57E90F1B-08FE-4E70-9F15-ED2920FD34C7}"
EndProject
Project("{FAE04EC0-301F-11D3-BF4B-00C04F79EFBC}") = "Infrastructure", "Infrastructure\Infrastructure.csproj", "{3532DFBF-8448-400D-AB42-E0A2EDD90917}"
EndProject
Global
	GlobalSection(SolutionConfigurationPlatforms) = preSolution
		Debug|Any CPU = Debug|Any CPU
		Debug|x64 = Debug|x64
		Debug|x86 = Debug|x86
		Release|Any CPU = Release|Any CPU
		Release|x64 = Release|x64
		Release|x86 = Release|x86
	EndGlobalSection
	GlobalSection(ProjectConfigurationPlatforms) = postSolution
		{11DC7F17-1E8F-4721-8DBC-2A622816ED42}.Debug|Any CPU.ActiveCfg = Debug|Any CPU
		{11DC7F17-1E8F-4721-8DBC-2A622816ED42}.Debug|Any CPU.Build.0 = Debug|Any CPU
		{11DC7F17-1E8F-4721-8DBC-2A622816ED42}.Debug|x64.ActiveCfg = Debug|Any CPU
		{11DC7F17-1E8F-4721-8DBC-2A622816ED42}.Debug|x64.Build.0 = Debug|Any CPU
		{11DC7F17-1E8F-4721-8DBC-2A622816ED42}.Debug|x86.ActiveCfg = Debug|Any CPU
		{11DC7F17-1E8F-4721-8DBC-2A622816ED42}.Debug|x86.Build.0 = Debug|Any CPU
		{11DC7F17-1E8F-4721-8DBC-2A622816ED42}.Release|Any CPU.ActiveCfg = Release|Any CPU
		{11DC7F17-1E8F-4721-8DBC-2A622816ED42}.Release|Any CPU.Build.0 = Release|Any CPU
		{11DC7F17-1E8F-4721-8DBC-2A622816ED42}.Release|x64.ActiveCfg = Release|Any CPU
		{11DC7F17-1E8F-4721-8DBC-2A622816ED42}.Release|x64.Build.0 = Release|Any CPU
		{11DC7F17-1E8F-4721-8DBC-2A622816ED42}.Release|x86.ActiveCfg = Release|Any CPU
		{11DC7F17-1E8F-4721-8DBC-2A622816ED42}.Release|x86.Build.0 = Release|Any CPU
		{311E7A4B-8C27-460C-B9F3-CCF17EE3CD69}.Debug|Any CPU.ActiveCfg = Debug|Any CPU
		{311E7A4B-8C27-460C-B9F3-CCF17EE3CD69}.Debug|Any CPU.Build.0 = Debug|Any CPU
		{311E7A4B-8C27-460C-B9F3-CCF17EE3CD69}.Debug|x64.ActiveCfg = Debug|Any CPU
		{311E7A4B-8C27-460C-B9F3-CCF17EE3CD69}.Debug|x64.Build.0 = Debug|Any CPU
		{311E7A4B-8C27-460C-B9F3-CCF17EE3CD69}.Debug|x86.ActiveCfg = Debug|Any CPU
		{311E7A4B-8C27-460C-B9F3-CCF17EE3CD69}.Debug|x86.Build.0 = Debug|Any CPU
		{311E7A4B-8C27-460C-B9F3-CCF17EE3CD69}.Release|Any CPU.ActiveCfg = Release|Any CPU
		{311E7A4B-8C27-460C-B9F3-CCF17EE3CD69}.Release|Any CPU.Build.0 = Release|Any CPU
		{311E7A4B-8C27-460C-B9F3-CCF17EE3CD69}.Release|x64.ActiveCfg = Release|Any CPU
		{311E7A4B-8C27-460C-B9F3-CCF17EE3CD69}.Release|x64.Build.0 = Release|Any CPU
		{311E7A4B-8C27-460C-B9F3-CCF17EE3CD69}.Release|x86.ActiveCfg = Release|Any CPU
		{311E7A4B-8C27-460C-B9F3-CCF17EE3CD69}.Release|x86.Build.0 = Release|Any CPU
		{50D6EF5E-D7CF-41A5-BA48-720E6294711B}.Debug|Any CPU.ActiveCfg = Debug|Any CPU
		{50D6EF5E-D7CF-41A5-BA48-720E6294711B}.Debug|Any CPU.Build.0 = Debug|Any CPU
		{50D6EF5E-D7CF-41A5-BA48-720E6294711B}.Debug|x64.ActiveCfg = Debug|Any CPU
		{50D6EF5E-D7CF-41A5-BA48-720E6294711B}.Debug|x64.Build.0 = Debug|Any CPU
		{50D6EF5E-D7CF-41A5-BA48-720E6294711B}.Debug|x86.ActiveCfg = Debug|Any CPU
		{50D6EF5E-D7CF-41A5-BA48-720E6294711B}.Debug|x86.Build.0 = Debug|Any CPU
		{50D6EF5E-D7CF-41A5-BA48-720E6294711B}.Release|Any CPU.ActiveCfg = Release|Any CPU
		{50D6EF5E-D7CF-41A5-BA48-720E6294711B}.Release|Any CPU.Build.0 = Release|Any CPU
		{50D6EF5E-D7CF-41A5-BA48-720E6294711B}.Release|x64.ActiveCfg = Release|Any CPU
		{50D6EF5E-D7CF-41A5-BA48-720E6294711B}.Release|x64.Build.0 = Release|Any CPU
		{50D6EF5E-D7CF-41A5-BA48-720E6294711B}.Release|x86.ActiveCfg = Release|Any CPU
		{50D6EF5E-D7CF-41A5-BA48-720E6294711B}.Release|x86.Build.0 = Release|Any CPU
		{BA47B87E-CDDB-4B89-BB5E-3951F70DF87C}.Debug|Any CPU.ActiveCfg = Debug|Any CPU
		{BA47B87E-CDDB-4B89-BB5E-3951F70DF87C}.Debug|Any CPU.Build.0 = Debug|Any CPU
		{BA47B87E-CDDB-4B89-BB5E-3951F70DF87C}.Debug|x64.ActiveCfg = Debug|Any CPU
		{BA47B87E-CDDB-4B89-BB5E-3951F70DF87C}.Debug|x64.Build.0 = Debug|Any CPU
		{BA47B87E-CDDB-4B89-BB5E-3951F70DF87C}.Debug|x86.ActiveCfg = Debug|Any CPU
		{BA47B87E-CDDB-4B89-BB5E-3951F70DF87C}.Debug|x86.Build.0 = Debug|Any CPU
		{BA47B87E-CDDB-4B89-BB5E-3951F70DF87C}.Release|Any CPU.ActiveCfg = Release|Any CPU
		{BA47B87E-CDDB-4B89-BB5E-3951F70DF87C}.Release|Any CPU.Build.0 = Release|Any CPU
		{BA47B87E-CDDB-4B89-BB5E-3951F70DF87C}.Release|x64.ActiveCfg = Release|Any CPU
		{BA47B87E-CDDB-4B89-BB5E-3951F70DF87C}.Release|x64.Build.0 = Release|Any CPU
		{BA47B87E-CDDB-4B89-BB5E-3951F70DF87C}.Release|x86.ActiveCfg = Release|Any CPU
		{BA47B87E-CDDB-4B89-BB5E-3951F70DF87C}.Release|x86.Build.0 = Release|Any CPU
		{57E90F1B-08FE-4E70-9F15-ED2920FD34C7}.Debug|Any CPU.ActiveCfg = Debug|Any CPU
		{57E90F1B-08FE-4E70-9F15-ED2920FD34C7}.Debug|Any CPU.Build.0 = Debug|Any CPU
		{57E90F1B-08FE-4E70-9F15-ED2920FD34C7}.Debug|x64.ActiveCfg = Debug|Any CPU
		{57E90F1B-08FE-4E70-9F15-ED2920FD34C7}.Debug|x64.Build.0 = Debug|Any CPU
		{57E90F1B-08FE-4E70-9F15-ED2920FD34C7}.Debug|x86.ActiveCfg = Debug|Any CPU
		{57E90F1B-08FE-4E70-9F15-ED2920FD34C7}.Debug|x86.Build.0 = Debug|Any CPU
		{57E90F1B-08FE-4E70-9F15-ED2920FD34C7}.Release|Any CPU.ActiveCfg = Release|Any CPU
		{57E90F1B-08FE-4E70-9F15-ED2920FD34C7}.Release|Any CPU.Build.0 = Release|Any CPU
		{57E90F1B-08FE-4E70-9F15-ED2920FD34C7}.Release|x64.ActiveCfg = Release|Any CPU
		{57E90F1B-08FE-4E70-9F15-ED2920FD34C7}.Release|x64.Build.0 = Release|Any CPU
		{57E90F1B-08FE-4E70-9F15-ED2920FD34C7}.Release|x86.ActiveCfg = Release|Any CPU
		{57E90F1B-08FE-4E70-9F15-ED2920FD34C7}.Release|x86.Build.0 = Release|Any CPU
		{3532DFBF-8448-400D-AB42-E0A2EDD90917}.Debug|Any CPU.ActiveCfg = Debug|Any CPU
		{3532DFBF-8448-400D-AB42-E0A2EDD90917}.Debug|Any CPU.Build.0 = Debug|Any CPU
		{3532DFBF-8448-400D-AB42-E0A2EDD90917}.Debug|x64.ActiveCfg = Debug|Any CPU
		{3532DFBF-8448-400D-AB42-E0A2EDD90917}.Debug|x64.Build.0 = Debug|Any CPU
		{3532DFBF-8448-400D-AB42-E0A2EDD90917}.Debug|x86.ActiveCfg = Debug|Any CPU
		{3532DFBF-8448-400D-AB42-E0A2EDD90917}.Debug|x86.Build.0 = Debug|Any CPU
		{3532DFBF-8448-400D-AB42-E0A2EDD90917}.Release|Any CPU.ActiveCfg = Release|Any CPU
		{3532DFBF-8448-400D-AB42-E0A2EDD90917}.Release|Any CPU.Build.0 = Release|Any CPU
		{3532DFBF-8448-400D-AB42-E0A2EDD90917}.Release|x64.ActiveCfg = Release|Any CPU
		{3532DFBF-8448-400D-AB42-E0A2EDD90917}.Release|x64.Build.0 = Release|Any CPU
		{3532DFBF-8448-400D-AB42-E0A2EDD90917}.Release|x86.ActiveCfg = Release|Any CPU
		{3532DFBF-8448-400D-AB42-E0A2EDD90917}.Release|x86.Build.0 = Release|Any CPU
	EndGlobalSection
	GlobalSection(SolutionProperties) = preSolution
		HideSolutionNode = FALSE
	EndGlobalSection
	GlobalSection(ExtensibilityGlobals) = postSolution
		SolutionGuid = {71844752-C9A9-4BFB-BC9A-9E1DA43DD1B2}
	EndGlobalSection
EndGlobal
